{
  "requires": true,
  "lockfileVersion": 1,
  "dependencies": {
    "jqeury": {
      "version": "0.0.1-security",
      "resolved": "https://registry.npmjs.org/jqeury/-/jqeury-0.0.1-security.tgz",
      "integrity": "sha512-r5iGV3rjYwn27R4PjOd2/AI7kVpKmXA2zwXqH/TtLu1QustWvuR7PEfOvUrA957vO9im7/GvRx1FvkKO5OcgIA=="
    },
    "js-cookie": {
      "version": "3.0.1",
      "resolved": "https://registry.npmjs.org/js-cookie/-/js-cookie-3.0.1.tgz",
      "integrity": "sha512-+0rgsUXZu4ncpPxRL+lNEptWMOWl9etvPHc/koSRp6MPwpRYAhmk0dUG00J4bxVV3r9uUzfo24wW0knS07SKSw=="
    }
  }
}
